// !$*UTF8*$!
{
	archiveVersion = 1;
	classes = {
	};
	objectVersion = 46;
	objects = {

/* Begin PBXBuildFile section */
		D40F7E1E1CB3F9A600CF66CA /* main.cpp in Sources */ = {isa = PBXBuildFile; fileRef = D40F7E1D1CB3F9A600CF66CA /* main.cpp */; };
		D40F7E261CB422B600CF66CA /* rhythm.cpp in Sources */ = {isa = PBXBuildFile; fileRef = D40F7E241CB422B600CF66CA /* rhythm.cpp */; };
/* End PBXBuildFile section */

/* Begin PBXCopyFilesBuildPhase section */
		D40F7E181CB3F9A600CF66CA /* CopyFiles */ = {
			isa = PBXCopyFilesBuildPhase;
			buildActionMask = 2147483647;
			dstPath = /usr/share/man/man1/;
			dstSubfolderSpec = 0;
			files = (
			);
			runOnlyForDeploymentPostprocessing = 1;
		};
/* End PBXCopyFilesBuildPhase section */

/* Begin PBXFileReference section */
		D40F7E1A1CB3F9A600CF66CA /* ATAI */ = {isa = PBXFileReference; explicitFileType = "compiled.mach-o.executable"; includeInIndex = 0; path = ATAI; sourceTree = BUILT_PRODUCTS_DIR; };
		D40F7E1D1CB3F9A600CF66CA /* main.cpp */ = {isa = PBXFileReference; lastKnownFileType = sourcecode.cpp.cpp; path = main.cpp; sourceTree = "<group>"; };
		D40F7E241CB422B600CF66CA /* rhythm.cpp */ = {isa = PBXFileReference; fileEncoding = 4; lastKnownFileType = sourcecode.cpp.cpp; path = rhythm.cpp; sourceTree = "<group>"; };
		D40F7E251CB422B600CF66CA /* rhythm.hpp */ = {isa = PBXFileReference; fileEncoding = 4; lastKnownFileType = sourcecode.cpp.h; path = rhythm.hpp; sourceTree = "<group>"; };
/* End PBXFileReference section */

/* Begin PBXFrameworksBuildPhase section */
		D40F7E171CB3F9A600CF66CA /* Frameworks */ = {
			isa = PBXFrameworksBuildPhase;
			buildActionMask = 2147483647;
			files = (
			);
			runOnlyForDeploymentPostprocessing = 0;
		};
/* End PBXFrameworksBuildPhase section */

/* Begin PBXGroup section */
		D40F7E111CB3F9A600CF66CA = {
			isa = PBXGroup;
			children = (
				D40F7E1C1CB3F9A600CF66CA /* ATAI */,
				D40F7E1B1CB3F9A600CF66CA /* Products */,
			);
			sourceTree = "<group>";
		};
		D40F7E1B1CB3F9A600CF66CA /* Products */ = {
			isa = PBXGroup;
			children = (
				D40F7E1A1CB3F9A600CF66CA /* ATAI */,
			);
			name = Products;
			sourceTree = "<group>";
		};
		D40F7E1C1CB3F9A600CF66CA /* ATAI */ = {
			isa = PBXGroup;
			children = (
				D40F7E1D1CB3F9A600CF66CA /* main.cpp */,
				D40F7E241CB422B600CF66CA /* rhythm.cpp */,
				D40F7E251CB422B600CF66CA /* rhythm.hpp */,
			);
			path = ATAI;
			sourceTree = "<group>";
		};
/* End PBXGroup section */

/* Begin PBXNativeTarget section */
		D40F7E191CB3F9A600CF66CA /* ATAI */ = {
			isa = PBXNativeTarget;
			buildConfigurationList = D40F7E211CB3F9A600CF66CA /* Build configuration list for PBXNativeTarget "ATAI" */;
			buildPhases = (
				D40F7E161CB3F9A600CF66CA /* Sources */,
				D40F7E171CB3F9A600CF66CA /* Frameworks */,
				D40F7E181CB3F9A600CF66CA /* CopyFiles */,
			);
			buildRules = (
			);
			dependencies = (
			);
			name = ATAI;
			productName = ATAI;
			productReference = D40F7E1A1CB3F9A600CF66CA /* ATAI */;
			productType = "com.apple.product-type.tool";
		};
/* End PBXNativeTarget section */

/* Begin PBXProject section */
		D40F7E121CB3F9A600CF66CA /* Project object */ = {
			isa = PBXProject;
			attributes = {
				LastUpgradeCheck = 0730;
				ORGANIZATIONNAME = "Nassim Versbraegen";
				TargetAttributes = {
					D40F7E191CB3F9A600CF66CA = {
						CreatedOnToolsVersion = 7.3;
					};
				};
			};
			buildConfigurationList = D40F7E151CB3F9A600CF66CA /* Build configuration list for PBXProject "ATAI" */;
			compatibilityVersion = "Xcode 3.2";
			developmentRegion = English;
			hasScannedForEncodings = 0;
			knownRegions = (
				en,
			);
			mainGroup = D40F7E111CB3F9A600CF66CA;
			productRefGroup = D40F7E1B1CB3F9A600CF66CA /* Products */;
			projectDirPath = "";
			projectRoot = "";
			targets = (
				D40F7E191CB3F9A600CF66CA /* ATAI */,
			);
		};
/* End PBXProject section */

/* Begin PBXSourcesBuildPhase section */
		D40F7E161CB3F9A600CF66CA /* Sources */ = {
			isa = PBXSourcesBuildPhase;
			buildActionMask = 2147483647;
			files = (
				D40F7E1E1CB3F9A600CF66CA /* main.cpp in Sources */,
				D40F7E261CB422B600CF66CA /* rhythm.cpp in Sources */,
			);
			runOnlyForDeploymentPostprocessing = 0;
		};
/* End PBXSourcesBuildPhase section */

/* Begin XCBuildConfiguration section */
		D40F7E1F1CB3F9A600CF66CA /* Debug */ = {
			isa = XCBuildConfiguration;
			buildSettings = {
				ALWAYS_SEARCH_USER_PATHS = NO;
				CLANG_ANALYZER_NONNULL = YES;
				CLANG_CXX_LANGUAGE_STANDARD = "gnu++0x";
				CLANG_CXX_LIBRARY = "libc++";
				CLANG_ENABLE_MODULES = YES;
				CLANG_ENABLE_OBJC_ARC = YES;
				CLANG_WARN_BOOL_CONVERSION = YES;
				CLANG_WARN_CONSTANT_CONVERSION = YES;
				CLANG_WARN_DIRECT_OBJC_ISA_USAGE = YES_ERROR;
				CLANG_WARN_EMPTY_BODY = YES;
				CLANG_WARN_ENUM_CONVERSION = YES;
				CLANG_WARN_INT_CONVERSION = YES;
				CLANG_WARN_OBJC_ROOT_CLASS = YES_ERROR;
				CLANG_WARN_UNREACHABLE_CODE = YES;
				CLANG_WARN__DUPLICATE_METHOD_MATCH = YES;
				CODE_SIGN_IDENTITY = "-";
				COPY_PHASE_STRIP = NO;
				DEBUG_INFORMATION_FORMAT = dwarf;
				ENABLE_STRICT_OBJC_MSGSEND = YES;
				ENABLE_TESTABILITY = YES;
				GCC_C_LANGUAGE_STANDARD = gnu99;
				GCC_DYNAMIC_NO_PIC = NO;
				GCC_NO_COMMON_BLOCKS = YES;
				GCC_OPTIMIZATION_LEVEL = 0;
				GCC_PREPROCESSOR_DEFINITIONS = (
					"DEBUG=1",
					"$(inherited)",
				);
				GCC_WARN_64_TO_32_BIT_CONVERSION = YES;
				GCC_WARN_ABOUT_RETURN_TYPE = YES_ERROR;
				GCC_WARN_UNDECLARED_SELECTOR = YES;
				GCC_WARN_UNINITIALIZED_AUTOS = YES_AGGRESSIVE;
				GCC_WARN_UNUSED_FUNCTION = YES;
				GCC_WARN_UNUSED_VARIABLE = YES;
				MACOSX_DEPLOYMENT_TARGET = 10.11;
				MTL_ENABLE_DEBUG_INFO = YES;
				ONLY_ACTIVE_ARCH = YES;
				SDKROOT = macosx;
			};
			name = Debug;
		};
		D40F7E201CB3F9A600CF66CA /* Release */ = {
			isa = XCBuildConfiguration;
			buildSettings = {
				ALWAYS_SEARCH_USER_PATHS = NO;
				CLANG_ANALYZER_NONNULL = YES;
				CLANG_CXX_LANGUAGE_STANDARD = "gnu++0x";
				CLANG_CXX_LIBRARY = "libc++";
				CLANG_ENABLE_MODULES = YES;
				CLANG_ENABLE_OBJC_ARC = YES;
				CLANG_WARN_BOOL_CONVERSION = YES;
				CLANG_WARN_CONSTANT_CONVERSION = YES;
				CLANG_WARN_DIRECT_OBJC_ISA_USAGE = YES_ERROR;
				CLANG_WARN_EMPTY_BODY = YES;
				CLANG_WARN_ENUM_CONVERSION = YES;
				CLANG_WARN_INT_CONVERSION = YES;
				CLANG_WARN_OBJC_ROOT_CLASS = YES_ERROR;
				CLANG_WARN_UNREACHABLE_CODE = YES;
				CLANG_WARN__DUPLICATE_METHOD_MATCH = YES;
				CODE_SIGN_IDENTITY = "-";
				COPY_PHASE_STRIP = NO;
				DEBUG_INFORMATION_FORMAT = "dwarf-with-dsym";
				ENABLE_NS_ASSERTIONS = NO;
				ENABLE_STRICT_OBJC_MSGSEND = YES;
				GCC_C_LANGUAGE_STANDARD = gnu99;
				GCC_NO_COMMON_BLOCKS = YES;
				GCC_WARN_64_TO_32_BIT_CONVERSION = YES;
				GCC_WARN_ABOUT_RETURN_TYPE = YES_ERROR;
				GCC_WARN_UNDECLARED_SELECTOR = YES;
				GCC_WARN_UNINITIALIZED_AUTOS = YES_AGGRESSIVE;
				GCC_WARN_UNUSED_FUNCTION = YES;
				GCC_WARN_UNUSED_VARIABLE = YES;
				MACOSX_DEPLOYMENT_TARGET = 10.11;
				MTL_ENABLE_DEBUG_INFO = NO;
				SDKROOT = macosx;
			};
			name = Release;
		};
		D40F7E221CB3F9A600CF66CA /* Debug */ = {
			isa = XCBuildConfiguration;
			buildSettings = {
				PRODUCT_NAME = "$(TARGET_NAME)";
			};
			name = Debug;
		};
		D40F7E231CB3F9A600CF66CA /* Release */ = {
			isa = XCBuildConfiguration;
			buildSettings = {
				PRODUCT_NAME = "$(TARGET_NAME)";
			};
			name = Release;
		};
/* End XCBuildConfiguration section */

/* Begin XCConfigurationList section */
		D40F7E151CB3F9A600CF66CA /* Build configuration list for PBXProject "ATAI" */ = {
			isa = XCConfigurationList;
			buildConfigurations = (
				D40F7E1F1CB3F9A600CF66CA /* Debug */,
				D40F7E201CB3F9A600CF66CA /* Release */,
			);
			defaultConfigurationIsVisible = 0;
			defaultConfigurationName = Release;
		};
		D40F7E211CB3F9A600CF66CA /* Build configuration list for PBXNativeTarget "ATAI" */ = {
			isa = XCConfigurationList;
			buildConfigurations = (
				D40F7E221CB3F9A600CF66CA /* Debug */,
				D40F7E231CB3F9A600CF66CA /* Release */,
			);
			defaultConfigurationIsVisible = 0;
			defaultConfigurationName = Release;
		};
/* End XCConfigurationList section */
	};
	rootObject = D40F7E121CB3F9A600CF66CA /* Project object */;
}
